// !$*UTF8*$!
{
	archiveVersion = 1;
	classes = {
	};
	objectVersion = 56;
	objects = {

/* Begin PBXBuildFile section */
		7872B3EC2C63949500AF5A3D /* AppDelegate.swift in Sources */ = {isa = PBXBuildFile; fileRef = 7872B3EB2C63949500AF5A3D /* AppDelegate.swift */; };
		7872B3EE2C63949500AF5A3D /* SceneDelegate.swift in Sources */ = {isa = PBXBuildFile; fileRef = 7872B3ED2C63949500AF5A3D /* SceneDelegate.swift */; };
		7872B3F02C63949500AF5A3D /* ViewController.swift in Sources */ = {isa = PBXBuildFile; fileRef = 7872B3EF2C63949500AF5A3D /* ViewController.swift */; };
		7872B3F32C63949500AF5A3D /* Base in Resources */ = {isa = PBXBuildFile; fileRef = 7872B3F22C63949500AF5A3D /* Base */; };
		7872B3F52C63949600AF5A3D /* Assets.xcassets in Resources */ = {isa = PBXBuildFile; fileRef = 7872B3F42C63949600AF5A3D /* Assets.xcassets */; };
		7872B3F82C63949600AF5A3D /* Base in Resources */ = {isa = PBXBuildFile; fileRef = 7872B3F72C63949600AF5A3D /* Base */; };
		7872B4032C63949600AF5A3D /* testTests.swift in Sources */ = {isa = PBXBuildFile; fileRef = 7872B4022C63949600AF5A3D /* testTests.swift */; };
		7872B40D2C63949600AF5A3D /* testUITests.swift in Sources */ = {isa = PBXBuildFile; fileRef = 7872B40C2C63949600AF5A3D /* testUITests.swift */; };
		7872B40F2C63949600AF5A3D /* testUITestsLaunchTests.swift in Sources */ = {isa = PBXBuildFile; fileRef = 7872B40E2C63949600AF5A3D /* testUITestsLaunchTests.swift */; };
/* End PBXBuildFile section */

/* Begin PBXContainerItemProxy section */
		7872B3FF2C63949600AF5A3D /* PBXContainerItemProxy */ = {
			isa = PBXContainerItemProxy;
			containerPortal = 7872B3E02C63949500AF5A3D /* Project object */;
			proxyType = 1;
			remoteGlobalIDString = 7872B3E72C63949500AF5A3D;
			remoteInfo = test;
		};
		7872B4092C63949600AF5A3D /* PBXContainerItemProxy */ = {
			isa = PBXContainerItemProxy;
			containerPortal = 7872B3E02C63949500AF5A3D /* Project object */;
			proxyType = 1;
			remoteGlobalIDString = 7872B3E72C63949500AF5A3D;
			remoteInfo = test;
		};
/* End PBXContainerItemProxy section */

/* Begin PBXFileReference section */
		7872B3E82C63949500AF5A3D /* test.app */ = {isa = PBXFileReference; explicitFileType = wrapper.application; includeInIndex = 0; path = test.app; sourceTree = BUILT_PRODUCTS_DIR; };
		7872B3EB2C63949500AF5A3D /* AppDelegate.swift */ = {isa = PBXFileReference; lastKnownFileType = sourcecode.swift; path = AppDelegate.swift; sourceTree = "<group>"; };
		7872B3ED2C63949500AF5A3D /* SceneDelegate.swift */ = {isa = PBXFileReference; lastKnownFileType = sourcecode.swift; path = SceneDelegate.swift; sourceTree = "<group>"; };
		7872B3EF2C63949500AF5A3D /* ViewController.swift */ = {isa = PBXFileReference; lastKnownFileType = sourcecode.swift; path = ViewController.swift; sourceTree = "<group>"; };
		7872B3F22C63949500AF5A3D /* Base */ = {isa = PBXFileReference; lastKnownFileType = file.storyboard; name = Base; path = Base.lproj/Main.storyboard; sourceTree = "<group>"; };
		7872B3F42C63949600AF5A3D /* Assets.xcassets */ = {isa = PBXFileReference; lastKnownFileType = folder.assetcatalog; path = Assets.xcassets; sourceTree = "<group>"; };
		7872B3F72C63949600AF5A3D /* Base */ = {isa = PBXFileReference; lastKnownFileType = file.storyboard; name = Base; path = Base.lproj/LaunchScreen.storyboard; sourceTree = "<group>"; };
		7872B3F92C63949600AF5A3D /* Info.plist */ = {isa = PBXFileReference; lastKnownFileType = text.plist.xml; path = Info.plist; sourceTree = "<group>"; };
		7872B3FE2C63949600AF5A3D /* testTests.xctest */ = {isa = PBXFileReference; explicitFileType = wrapper.cfbundle; includeInIndex = 0; path = testTests.xctest; sourceTree = BUILT_PRODUCTS_DIR; };
		7872B4022C63949600AF5A3D /* testTests.swift */ = {isa = PBXFileReference; lastKnownFileType = sourcecode.swift; path = testTests.swift; sourceTree = "<group>"; };
		7872B4082C63949600AF5A3D /* testUITests.xctest */ = {isa = PBXFileReference; explicitFileType = wrapper.cfbundle; includeInIndex = 0; path = testUITests.xctest; sourceTree = BUILT_PRODUCTS_DIR; };
		7872B40C2C63949600AF5A3D /* testUITests.swift */ = {isa = PBXFileReference; lastKnownFileType = sourcecode.swift; path = testUITests.swift; sourceTree = "<group>"; };
		7872B40E2C63949600AF5A3D /* testUITestsLaunchTests.swift */ = {isa = PBXFileReference; lastKnownFileType = sourcecode.swift; path = testUITestsLaunchTests.swift; sourceTree = "<group>"; };
/* End PBXFileReference section */

/* Begin PBXFrameworksBuildPhase section */
		7872B3E52C63949500AF5A3D /* Frameworks */ = {
			isa = PBXFrameworksBuildPhase;
			buildActionMask = 2147483647;
			files = (
			);
			runOnlyForDeploymentPostprocessing = 0;
		};
		7872B3FB2C63949600AF5A3D /* Frameworks */ = {
			isa = PBXFrameworksBuildPhase;
			buildActionMask = 2147483647;
			files = (
			);
			runOnlyForDeploymentPostprocessing = 0;
		};
		7872B4052C63949600AF5A3D /* Frameworks */ = {
			isa = PBXFrameworksBuildPhase;
			buildActionMask = 2147483647;
			files = (
			);
			runOnlyForDeploymentPostprocessing = 0;
		};
/* End PBXFrameworksBuildPhase section */

/* Begin PBXGroup section */
		7872B3DF2C63949500AF5A3D = {
			isa = PBXGroup;
			children = (
				7872B3EA2C63949500AF5A3D /* test */,
				7872B4012C63949600AF5A3D /* testTests */,
				7872B40B2C63949600AF5A3D /* testUITests */,
				7872B3E92C63949500AF5A3D /* Products */,
			);
			sourceTree = "<group>";
		};
		7872B3E92C63949500AF5A3D /* Products */ = {
			isa = PBXGroup;
			children = (
				7872B3E82C63949500AF5A3D /* test.app */,
				7872B3FE2C63949600AF5A3D /* testTests.xctest */,
				7872B4082C63949600AF5A3D /* testUITests.xctest */,
			);
			name = Products;
			sourceTree = "<group>";
		};
		7872B3EA2C63949500AF5A3D /* test */ = {
			isa = PBXGroup;
			children = (
				7872B3EB2C63949500AF5A3D /* AppDelegate.swift */,
				7872B3ED2C63949500AF5A3D /* SceneDelegate.swift */,
				7872B3EF2C63949500AF5A3D /* ViewController.swift */,
				7872B3F12C63949500AF5A3D /* Main.storyboard */,
				7872B3F42C63949600AF5A3D /* Assets.xcassets */,
				7872B3F62C63949600AF5A3D /* LaunchScreen.storyboard */,
				7872B3F92C63949600AF5A3D /* Info.plist */,
			);
			path = test;
			sourceTree = "<group>";
		};
		7872B4012C63949600AF5A3D /* testTests */ = {
			isa = PBXGroup;
			children = (
				7872B4022C63949600AF5A3D /* testTests.swift */,
			);
			path = testTests;
			sourceTree = "<group>";
		};
		7872B40B2C63949600AF5A3D /* testUITests */ = {
			isa = PBXGroup;
			children = (
				7872B40C2C63949600AF5A3D /* testUITests.swift */,
				7872B40E2C63949600AF5A3D /* testUITestsLaunchTests.swift */,
			);
			path = testUITests;
			sourceTree = "<group>";
		};
/* End PBXGroup section */

/* Begin PBXNativeTarget section */
		7872B3E72C63949500AF5A3D /* test */ = {
			isa = PBXNativeTarget;
			buildConfigurationList = 7872B4122C63949600AF5A3D /* Build configuration list for PBXNativeTarget "test" */;
			buildPhases = (
				7872B3E42C63949500AF5A3D /* Sources */,
				7872B3E52C63949500AF5A3D /* Frameworks */,
				7872B3E62C63949500AF5A3D /* Resources */,
			);
			buildRules = (
			);
			dependencies = (
			);
			name = test;
			productName = test;
			productReference = 7872B3E82C63949500AF5A3D /* test.app */;
			productType = "com.apple.product-type.application";
		};
		7872B3FD2C63949600AF5A3D /* testTests */ = {
			isa = PBXNativeTarget;
			buildConfigurationList = 7872B4152C63949600AF5A3D /* Build configuration list for PBXNativeTarget "testTests" */;
			buildPhases = (
				7872B3FA2C63949600AF5A3D /* Sources */,
				7872B3FB2C63949600AF5A3D /* Frameworks */,
				7872B3FC2C63949600AF5A3D /* Resources */,
			);
			buildRules = (
			);
			dependencies = (
				7872B4002C63949600AF5A3D /* PBXTargetDependency */,
			);
			name = testTests;
			productName = testTests;
			productReference = 7872B3FE2C63949600AF5A3D /* testTests.xctest */;
			productType = "com.apple.product-type.bundle.unit-test";
		};
		7872B4072C63949600AF5A3D /* testUITests */ = {
			isa = PBXNativeTarget;
			buildConfigurationList = 7872B4182C63949600AF5A3D /* Build configuration list for PBXNativeTarget "testUITests" */;
			buildPhases = (
				7872B4042C63949600AF5A3D /* Sources */,
				7872B4052C63949600AF5A3D /* Frameworks */,
				7872B4062C63949600AF5A3D /* Resources */,
			);
			buildRules = (
			);
			dependencies = (
				7872B40A2C63949600AF5A3D /* PBXTargetDependency */,
			);
			name = testUITests;
			productName = testUITests;
			productReference = 7872B4082C63949600AF5A3D /* testUITests.xctest */;
			productType = "com.apple.product-type.bundle.ui-testing";
		};
/* End PBXNativeTarget section */

/* Begin PBXProject section */
		7872B3E02C63949500AF5A3D /* Project object */ = {
			isa = PBXProject;
			attributes = {
				BuildIndependentTargetsInParallel = 1;
				LastSwiftUpdateCheck = 1540;
				LastUpgradeCheck = 1540;
				TargetAttributes = {
					7872B3E72C63949500AF5A3D = {
						CreatedOnToolsVersion = 15.4;
					};
					7872B3FD2C63949600AF5A3D = {
						CreatedOnToolsVersion = 15.4;
						TestTargetID = 7872B3E72C63949500AF5A3D;
					};
					7872B4072C63949600AF5A3D = {
						CreatedOnToolsVersion = 15.4;
						TestTargetID = 7872B3E72C63949500AF5A3D;
					};
				};
			};
			buildConfigurationList = 7872B3E32C63949500AF5A3D /* Build configuration list for PBXProject "test" */;
			compatibilityVersion = "Xcode 14.0";
			developmentRegion = en;
			hasScannedForEncodings = 0;
			knownRegions = (
				en,
				Base,
			);
			mainGroup = 7872B3DF2C63949500AF5A3D;
			productRefGroup = 7872B3E92C63949500AF5A3D /* Products */;
			projectDirPath = "";
			projectRoot = "";
			targets = (
				7872B3E72C63949500AF5A3D /* test */,
				7872B3FD2C63949600AF5A3D /* testTests */,
				7872B4072C63949600AF5A3D /* testUITests */,
			);
		};
/* End PBXProject section */

/* Begin PBXResourcesBuildPhase section */
		7872B3E62C63949500AF5A3D /* Resources */ = {
			isa = PBXResourcesBuildPhase;
			buildActionMask = 2147483647;
			files = (
				7872B3F52C63949600AF5A3D /* Assets.xcassets in Resources */,
				7872B3F82C63949600AF5A3D /* Base in Resources */,
				7872B3F32C63949500AF5A3D /* Base in Resources */,
			);
			runOnlyForDeploymentPostprocessing = 0;
		};
		7872B3FC2C63949600AF5A3D /* Resources */ = {
			isa = PBXResourcesBuildPhase;
			buildActionMask = 2147483647;
			files = (
			);
			runOnlyForDeploymentPostprocessing = 0;
		};
		7872B4062C63949600AF5A3D /* Resources */ = {
			isa = PBXResourcesBuildPhase;
			buildActionMask = 2147483647;
			files = (
			);
			runOnlyForDeploymentPostprocessing = 0;
		};
/* End PBXResourcesBuildPhase section */

/* Begin PBXSourcesBuildPhase section */
		7872B3E42C63949500AF5A3D /* Sources */ = {
			isa = PBXSourcesBuildPhase;
			buildActionMask = 2147483647;
			files = (
				7872B3F02C63949500AF5A3D /* ViewController.swift in Sources */,
				7872B3EC2C63949500AF5A3D /* AppDelegate.swift in Sources */,
				7872B3EE2C63949500AF5A3D /* SceneDelegate.swift in Sources */,
			);
			runOnlyForDeploymentPostprocessing = 0;
		};
		7872B3FA2C63949600AF5A3D /* Sources */ = {
			isa = PBXSourcesBuildPhase;
			buildActionMask = 2147483647;
			files = (
				7872B4032C63949600AF5A3D /* testTests.swift in Sources */,
			);
			runOnlyForDeploymentPostprocessing = 0;
		};
		7872B4042C63949600AF5A3D /* Sources */ = {
			isa = PBXSourcesBuildPhase;
			buildActionMask = 2147483647;
			files = (
				7872B40F2C63949600AF5A3D /* testUITestsLaunchTests.swift in Sources */,
				7872B40D2C63949600AF5A3D /* testUITests.swift in Sources */,
			);
			runOnlyForDeploymentPostprocessing = 0;
		};
/* End PBXSourcesBuildPhase section */

/* Begin PBXTargetDependency section */
		7872B4002C63949600AF5A3D /* PBXTargetDependency */ = {
			isa = PBXTargetDependency;
			target = 7872B3E72C63949500AF5A3D /* test */;
			targetProxy = 7872B3FF2C63949600AF5A3D /* PBXContainerItemProxy */;
		};
		7872B40A2C63949600AF5A3D /* PBXTargetDependency */ = {
			isa = PBXTargetDependency;
			target = 7872B3E72C63949500AF5A3D /* test */;
			targetProxy = 7872B4092C63949600AF5A3D /* PBXContainerItemProxy */;
		};
/* End PBXTargetDependency section */

/* Begin PBXVariantGroup section */
		7872B3F12C63949500AF5A3D /* Main.storyboard */ = {
			isa = PBXVariantGroup;
			children = (
				7872B3F22C63949500AF5A3D /* Base */,
			);
			name = Main.storyboard;
			sourceTree = "<group>";
		};
		7872B3F62C63949600AF5A3D /* LaunchScreen.storyboard */ = {
			isa = PBXVariantGroup;
			children = (
				7872B3F72C63949600AF5A3D /* Base */,
			);
			name = LaunchScreen.storyboard;
			sourceTree = "<group>";
		};
/* End PBXVariantGroup section */

/* Begin XCBuildConfiguration section */
		7872B4102C63949600AF5A3D /* Debug */ = {
			isa = XCBuildConfiguration;
			buildSettings = {
				ALWAYS_SEARCH_USER_PATHS = NO;
				ASSETCATALOG_COMPILER_GENERATE_SWIFT_ASSET_SYMBOL_EXTENSIONS = YES;
				CLANG_ANALYZER_NONNULL = YES;
				CLANG_ANALYZER_NUMBER_OBJECT_CONVERSION = YES_AGGRESSIVE;
				CLANG_CXX_LANGUAGE_STANDARD = "gnu++20";
				CLANG_ENABLE_MODULES = YES;
				CLANG_ENABLE_OBJC_ARC = YES;
				CLANG_ENABLE_OBJC_WEAK = YES;
				CLANG_WARN_BLOCK_CAPTURE_AUTORELEASING = YES;
				CLANG_WARN_BOOL_CONVERSION = YES;
				CLANG_WARN_COMMA = YES;
				CLANG_WARN_CONSTANT_CONVERSION = YES;
				CLANG_WARN_DEPRECATED_OBJC_IMPLEMENTATIONS = YES;
				CLANG_WARN_DIRECT_OBJC_ISA_USAGE = YES_ERROR;
				CLANG_WARN_DOCUMENTATION_COMMENTS = YES;
				CLANG_WARN_EMPTY_BODY = YES;
				CLANG_WARN_ENUM_CONVERSION = YES;
				CLANG_WARN_INFINITE_RECURSION = YES;
				CLANG_WARN_INT_CONVERSION = YES;
				CLANG_WARN_NON_LITERAL_NULL_CONVERSION = YES;
				CLANG_WARN_OBJC_IMPLICIT_RETAIN_SELF = YES;
				CLANG_WARN_OBJC_LITERAL_CONVERSION = YES;
				CLANG_WARN_OBJC_ROOT_CLASS = YES_ERROR;
				CLANG_WARN_QUOTED_INCLUDE_IN_FRAMEWORK_HEADER = YES;
				CLANG_WARN_RANGE_LOOP_ANALYSIS = YES;
				CLANG_WARN_STRICT_PROTOTYPES = YES;
				CLANG_WARN_SUSPICIOUS_MOVE = YES;
				CLANG_WARN_UNGUARDED_AVAILABILITY = YES_AGGRESSIVE;
				CLANG_WARN_UNREACHABLE_CODE = YES;
				CLANG_WARN__DUPLICATE_METHOD_MATCH = YES;
				COPY_PHASE_STRIP = NO;
				DEBUG_INFORMATION_FORMAT = dwarf;
				ENABLE_STRICT_OBJC_MSGSEND = YES;
				ENABLE_TESTABILITY = YES;
				ENABLE_USER_SCRIPT_SANDBOXING = YES;
				GCC_C_LANGUAGE_STANDARD = gnu17;
				GCC_DYNAMIC_NO_PIC = NO;
				GCC_NO_COMMON_BLOCKS = YES;
				GCC_OPTIMIZATION_LEVEL = 0;
				GCC_PREPROCESSOR_DEFINITIONS = (
					"DEBUG=1",
					"$(inherited)",
				);
				GCC_WARN_64_TO_32_BIT_CONVERSION = YES;
				GCC_WARN_ABOUT_RETURN_TYPE = YES_ERROR;
				GCC_WARN_UNDECLARED_SELECTOR = YES;
				GCC_WARN_UNINITIALIZED_AUTOS = YES_AGGRESSIVE;
				GCC_WARN_UNUSED_FUNCTION = YES;
				GCC_WARN_UNUSED_VARIABLE = YES;
				IPHONEOS_DEPLOYMENT_TARGET = 17.5;
				LOCALIZATION_PREFERS_STRING_CATALOGS = YES;
				MTL_ENABLE_DEBUG_INFO = INCLUDE_SOURCE;
				MTL_FAST_MATH = YES;
				ONLY_ACTIVE_ARCH = YES;
				SDKROOT = iphoneos;
				SWIFT_ACTIVE_COMPILATION_CONDITIONS = "DEBUG $(inherited)";
				SWIFT_OPTIMIZATION_LEVEL = "-Onone";
			};
			name = Debug;
		};
		7872B4112C63949600AF5A3D /* Release */ = {
			isa = XCBuildConfiguration;
			buildSettings = {
				ALWAYS_SEARCH_USER_PATHS = NO;
				ASSETCATALOG_COMPILER_GENERATE_SWIFT_ASSET_SYMBOL_EXTENSIONS = YES;
				CLANG_ANALYZER_NONNULL = YES;
				CLANG_ANALYZER_NUMBER_OBJECT_CONVERSION = YES_AGGRESSIVE;
				CLANG_CXX_LANGUAGE_STANDARD = "gnu++20";
				CLANG_ENABLE_MODULES = YES;
				CLANG_ENABLE_OBJC_ARC = YES;
				CLANG_ENABLE_OBJC_WEAK = YES;
				CLANG_WARN_BLOCK_CAPTURE_AUTORELEASING = YES;
				CLANG_WARN_BOOL_CONVERSION = YES;
				CLANG_WARN_COMMA = YES;
				CLANG_WARN_CONSTANT_CONVERSION = YES;
				CLANG_WARN_DEPRECATED_OBJC_IMPLEMENTATIONS = YES;
				CLANG_WARN_DIRECT_OBJC_ISA_USAGE = YES_ERROR;
				CLANG_WARN_DOCUMENTATION_COMMENTS = YES;
				CLANG_WARN_EMPTY_BODY = YES;
				CLANG_WARN_ENUM_CONVERSION = YES;
				CLANG_WARN_INFINITE_RECURSION = YES;
				CLANG_WARN_INT_CONVERSION = YES;
				CLANG_WARN_NON_LITERAL_NULL_CONVERSION = YES;
				CLANG_WARN_OBJC_IMPLICIT_RETAIN_SELF = YES;
				CLANG_WARN_OBJC_LITERAL_CONVERSION = YES;
				CLANG_WARN_OBJC_ROOT_CLASS = YES_ERROR;
				CLANG_WARN_QUOTED_INCLUDE_IN_FRAMEWORK_HEADER = YES;
				CLANG_WARN_RANGE_LOOP_ANALYSIS = YES;
				CLANG_WARN_STRICT_PROTOTYPES = YES;
				CLANG_WARN_SUSPICIOUS_MOVE = YES;
				CLANG_WARN_UNGUARDED_AVAILABILITY = YES_AGGRESSIVE;
				CLANG_WARN_UNREACHABLE_CODE = YES;
				CLANG_WARN__DUPLICATE_METHOD_MATCH = YES;
				COPY_PHASE_STRIP = NO;
				DEBUG_INFORMATION_FORMAT = "dwarf-with-dsym";
				ENABLE_NS_ASSERTIONS = NO;
				ENABLE_STRICT_OBJC_MSGSEND = YES;
				ENABLE_USER_SCRIPT_SANDBOXING = YES;
				GCC_C_LANGUAGE_STANDARD = gnu17;
				GCC_NO_COMMON_BLOCKS = YES;
				GCC_WARN_64_TO_32_BIT_CONVERSION = YES;
				GCC_WARN_ABOUT_RETURN_TYPE = YES_ERROR;
				GCC_WARN_UNDECLARED_SELECTOR = YES;
				GCC_WARN_UNINITIALIZED_AUTOS = YES_AGGRESSIVE;
				GCC_WARN_UNUSED_FUNCTION = YES;
				GCC_WARN_UNUSED_VARIABLE = YES;
				IPHONEOS_DEPLOYMENT_TARGET = 17.5;
				LOCALIZATION_PREFERS_STRING_CATALOGS = YES;
				MTL_ENABLE_DEBUG_INFO = NO;
				MTL_FAST_MATH = YES;
				SDKROOT = iphoneos;
				SWIFT_COMPILATION_MODE = wholemodule;
				VALIDATE_PRODUCT = YES;
			};
			name = Release;
		};
		7872B4132C63949600AF5A3D /* Debug */ = {
			isa = XCBuildConfiguration;
			buildSettings = {
				ASSETCATALOG_COMPILER_APPICON_NAME = AppIcon;
				ASSETCATALOG_COMPILER_GLOBAL_ACCENT_COLOR_NAME = AccentColor;
				CODE_SIGN_STYLE = Automatic;
				CURRENT_PROJECT_VERSION = 1;
				GENERATE_INFOPLIST_FILE = YES;
				INFOPLIST_FILE = test/Info.plist;
				INFOPLIST_KEY_UIApplicationSupportsIndirectInputEvents = YES;
				INFOPLIST_KEY_UILaunchStoryboardName = LaunchScreen;
				INFOPLIST_KEY_UIMainStoryboardFile = Main;
				INFOPLIST_KEY_UISupportedInterfaceOrientations_iPad = "UIInterfaceOrientationPortrait UIInterfaceOrientationPortraitUpsideDown UIInterfaceOrientationLandscapeLeft UIInterfaceOrientationLandscapeRight";
				INFOPLIST_KEY_UISupportedInterfaceOrientations_iPhone = "UIInterfaceOrientationPortrait UIInterfaceOrientationLandscapeLeft UIInterfaceOrientationLandscapeRight";
				LD_RUNPATH_SEARCH_PATHS = (
					"$(inherited)",
					"@executable_path/Frameworks",
				);
				MARKETING_VERSION = 1.0;
				PRODUCT_BUNDLE_IDENTIFIER = "swift-biginner.test";
				PRODUCT_NAME = "$(TARGET_NAME)";
				SWIFT_EMIT_LOC_STRINGS = YES;
				SWIFT_VERSION = 5.0;
				TARGETED_DEVICE_FAMILY = "1,2";
			};
			name = Debug;
		};
		7872B4142C63949600AF5A3D /* Release */ = {
			isa = XCBuildConfiguration;
			buildSettings = {
				ASSETCATALOG_COMPILER_APPICON_NAME = AppIcon;
				ASSETCATALOG_COMPILER_GLOBAL_ACCENT_COLOR_NAME = AccentColor;
				CODE_SIGN_STYLE = Automatic;
				CURRENT_PROJECT_VERSION = 1;
				GENERATE_INFOPLIST_FILE = YES;
				INFOPLIST_FILE = test/Info.plist;
				INFOPLIST_KEY_UIApplicationSupportsIndirectInputEvents = YES;
				INFOPLIST_KEY_UILaunchStoryboardName = LaunchScreen;
				INFOPLIST_KEY_UIMainStoryboardFile = Main;
				INFOPLIST_KEY_UISupportedInterfaceOrientations_iPad = "UIInterfaceOrientationPortrait UIInterfaceOrientationPortraitUpsideDown UIInterfaceOrientationLandscapeLeft UIInterfaceOrientationLandscapeRight";
				INFOPLIST_KEY_UISupportedInterfaceOrientations_iPhone = "UIInterfaceOrientationPortrait UIInterfaceOrientationLandscapeLeft UIInterfaceOrientationLandscapeRight";
				LD_RUNPATH_SEARCH_PATHS = (
					"$(inherited)",
					"@executable_path/Frameworks",
				);
				MARKETING_VERSION = 1.0;
				PRODUCT_BUNDLE_IDENTIFIER = "swift-biginner.test";
				PRODUCT_NAME = "$(TARGET_NAME)";
				SWIFT_EMIT_LOC_STRINGS = YES;
				SWIFT_VERSION = 5.0;
				TARGETED_DEVICE_FAMILY = "1,2";
			};
			name = Release;
		};
		7872B4162C63949600AF5A3D /* Debug */ = {
			isa = XCBuildConfiguration;
			buildSettings = {
				ALWAYS_EMBED_SWIFT_STANDARD_LIBRARIES = YES;
				BUNDLE_LOADER = "$(TEST_HOST)";
				CODE_SIGN_STYLE = Automatic;
				CURRENT_PROJECT_VERSION = 1;
				GENERATE_INFOPLIST_FILE = YES;
				IPHONEOS_DEPLOYMENT_TARGET = 17.5;
				MARKETING_VERSION = 1.0;
				PRODUCT_BUNDLE_IDENTIFIER = "swift-biginner.testTests";
				PRODUCT_NAME = "$(TARGET_NAME)";
				SWIFT_EMIT_LOC_STRINGS = NO;
				SWIFT_VERSION = 5.0;
				TARGETED_DEVICE_FAMILY = "1,2";
				TEST_HOST = "$(BUILT_PRODUCTS_DIR)/test.app/$(BUNDLE_EXECUTABLE_FOLDER_PATH)/test";
			};
			name = Debug;
		};
		7872B4172C63949600AF5A3D /* Release */ = {
			isa = XCBuildConfiguration;
			buildSettings = {
				ALWAYS_EMBED_SWIFT_STANDARD_LIBRARIES = YES;
				BUNDLE_LOADER = "$(TEST_HOST)";
				CODE_SIGN_STYLE = Automatic;
				CURRENT_PROJECT_VERSION = 1;
				GENERATE_INFOPLIST_FILE = YES;
				IPHONEOS_DEPLOYMENT_TARGET = 17.5;
				MARKETING_VERSION = 1.0;
				PRODUCT_BUNDLE_IDENTIFIER = "swift-biginner.testTests";
				PRODUCT_NAME = "$(TARGET_NAME)";
				SWIFT_EMIT_LOC_STRINGS = NO;
				SWIFT_VERSION = 5.0;
				TARGETED_DEVICE_FAMILY = "1,2";
				TEST_HOST = "$(BUILT_PRODUCTS_DIR)/test.app/$(BUNDLE_EXECUTABLE_FOLDER_PATH)/test";
			};
			name = Release;
		};
		7872B4192C63949600AF5A3D /* Debug */ = {
			isa = XCBuildConfiguration;
			buildSettings = {
				ALWAYS_EMBED_SWIFT_STANDARD_LIBRARIES = YES;
				CODE_SIGN_STYLE = Automatic;
				CURRENT_PROJECT_VERSION = 1;
				GENERATE_INFOPLIST_FILE = YES;
				MARKETING_VERSION = 1.0;
				PRODUCT_BUNDLE_IDENTIFIER = "swift-biginner.testUITests";
				PRODUCT_NAME = "$(TARGET_NAME)";
				SWIFT_EMIT_LOC_STRINGS = NO;
				SWIFT_VERSION = 5.0;
				TARGETED_DEVICE_FAMILY = "1,2";
				TEST_TARGET_NAME = test;
			};
			name = Debug;
		};
		7872B41A2C63949600AF5A3D /* Release */ = {
			isa = XCBuildConfiguration;
			buildSettings = {
				ALWAYS_EMBED_SWIFT_STANDARD_LIBRARIES = YES;
				CODE_SIGN_STYLE = Automatic;
				CURRENT_PROJECT_VERSION = 1;
				GENERATE_INFOPLIST_FILE = YES;
				MARKETING_VERSION = 1.0;
				PRODUCT_BUNDLE_IDENTIFIER = "swift-biginner.testUITests";
				PRODUCT_NAME = "$(TARGET_NAME)";
				SWIFT_EMIT_LOC_STRINGS = NO;
				SWIFT_VERSION = 5.0;
				TARGETED_DEVICE_FAMILY = "1,2";
				TEST_TARGET_NAME = test;
			};
			name = Release;
		};
/* End XCBuildConfiguration section */

/* Begin XCConfigurationList section */
		7872B3E32C63949500AF5A3D /* Build configuration list for PBXProject "test" */ = {
			isa = XCConfigurationList;
			buildConfigurations = (
				7872B4102C63949600AF5A3D /* Debug */,
				7872B4112C63949600AF5A3D /* Release */,
			);
			defaultConfigurationIsVisible = 0;
			defaultConfigurationName = Release;
		};
		7872B4122C63949600AF5A3D /* Build configuration list for PBXNativeTarget "test" */ = {
			isa = XCConfigurationList;
			buildConfigurations = (
				7872B4132C63949600AF5A3D /* Debug */,
				7872B4142C63949600AF5A3D /* Release */,
			);
			defaultConfigurationIsVisible = 0;
			defaultConfigurationName = Release;
		};
		7872B4152C63949600AF5A3D /* Build configuration list for PBXNativeTarget "testTests" */ = {
			isa = XCConfigurationList;
			buildConfigurations = (
				7872B4162C63949600AF5A3D /* Debug */,
				7872B4172C63949600AF5A3D /* Release */,
			);
			defaultConfigurationIsVisible = 0;
			defaultConfigurationName = Release;
		};
		7872B4182C63949600AF5A3D /* Build configuration list for PBXNativeTarget "testUITests" */ = {
			isa = XCConfigurationList;
			buildConfigurations = (
				7872B4192C63949600AF5A3D /* Debug */,
				7872B41A2C63949600AF5A3D /* Release */,
			);
			defaultConfigurationIsVisible = 0;
			defaultConfigurationName = Release;
		};
/* End XCConfigurationList section */
	};
	rootObject = 7872B3E02C63949500AF5A3D /* Project object */;
}
